
Microsoft Visual Studio Solution File, Format Version 11.00
# Visual Studio 2010
Project("{8BC9CEB8-8B4A-11D0-8D11-00A0C91BC942}") = "graph by adjacency list", "graph by adjacency list\graph by adjacency list.vcxproj", "{A474044E-4514-4B59-BA1C-B341F5817E8D}"
EndProject
Global
	GlobalSection(SolutionConfigurationPlatforms) = preSolution
		Debug|Win32 = Debug|Win32
		Release|Win32 = Release|Win32
	EndGlobalSection
	GlobalSection(ProjectConfigurationPlatforms) = postSolution
		{A474044E-4514-4B59-BA1C-B341F5817E8D}.Debug|Win32.ActiveCfg = Debug|Win32
		{A474044E-4514-4B59-BA1C-B341F5817E8D}.Debug|Win32.Build.0 = Debug|Win32
		{A474044E-4514-4B59-BA1C-B341F5817E8D}.Release|Win32.ActiveCfg = Release|Win32
		{A474044E-4514-4B59-BA1C-B341F5817E8D}.Release|Win32.Build.0 = Release|Win32
	EndGlobalSection
	GlobalSection(SolutionProperties) = preSolution
		HideSolutionNode = FALSE
	EndGlobalSection
EndGlobal
