
Microsoft Visual Studio Solution File, Format Version 11.00
# Visual Studio 2010
Project("{8BC9CEB8-8B4A-11D0-8D11-00A0C91BC942}") = "Queue", "Queue\Queue.vcxproj", "{ED91E7ED-20D8-458B-A598-96EF220DE410}"
EndProject
Global
	GlobalSection(SolutionConfigurationPlatforms) = preSolution
		Debug|Win32 = Debug|Win32
		Release|Win32 = Release|Win32
	EndGlobalSection
	GlobalSection(ProjectConfigurationPlatforms) = postSolution
		{ED91E7ED-20D8-458B-A598-96EF220DE410}.Debug|Win32.ActiveCfg = Debug|Win32
		{ED91E7ED-20D8-458B-A598-96EF220DE410}.Debug|Win32.Build.0 = Debug|Win32
		{ED91E7ED-20D8-458B-A598-96EF220DE410}.Release|Win32.ActiveCfg = Release|Win32
		{ED91E7ED-20D8-458B-A598-96EF220DE410}.Release|Win32.Build.0 = Release|Win32
	EndGlobalSection
	GlobalSection(SolutionProperties) = preSolution
		HideSolutionNode = FALSE
	EndGlobalSection
EndGlobal
